
Microsoft Visual Studio Solution File, Format Version 12.00
# Visual Studio 15
VisualStudioVersion = 15.0.26124.0
MinimumVisualStudioVersion = 15.0.26124.0
Project("{2150E333-8FDC-42A3-9474-1A3956D46DE8}") = "src", "src", "{B25DCC21-D51A-4D55-B574-B8758DB89B91}"
EndProject
Project("{2150E333-8FDC-42A3-9474-1A3956D46DE8}") = "Catalog", "Catalog", "{65F9E8E4-6F97-41C9-AD38-969DE2A58F96}"
EndProject
Project("{FAE04EC0-301F-11D3-BF4B-00C04F79EFBC}") = "Catalog.Tests", "src\Catalog\Catalog.Tests\Catalog.Tests.csproj", "{8202483D-5990-47B2-96A6-B381D58DB34F}"
EndProject
Project("{FAE04EC0-301F-11D3-BF4B-00C04F79EFBC}") = "Catalog.API", "src\Catalog\Catalog.API\Catalog.API.csproj", "{F0855758-5051-4ECC-A5A0-CA1AACFF65A4}"
EndProject
Project("{2150E333-8FDC-42A3-9474-1A3956D46DE8}") = "Basket", "Basket", "{F6CED068-D6E5-40F8-B43B-497AE831908D}"
EndProject
Project("{FAE04EC0-301F-11D3-BF4B-00C04F79EFBC}") = "Basket.API", "src\Basket\Basket.API\Basket.API.csproj", "{010B6AEA-30C2-4F7C-AEDA-35AE9A24CEE2}"
EndProject
Project("{2150E333-8FDC-42A3-9474-1A3956D46DE8}") = "Orders", "Orders", "{B3514A39-039F-4988-8ABA-25F72CFB78AA}"
EndProject
Project("{FAE04EC0-301F-11D3-BF4B-00C04F79EFBC}") = "Orders.API", "src\Orders\Orders.API\Orders.API.csproj", "{75F53C8C-01EC-4962-8735-E3CFB183B5E6}"
EndProject
Project("{FAE04EC0-301F-11D3-BF4B-00C04F79EFBC}") = "Basket.Tests", "src\Basket\Basket.Tests\Basket.Tests.csproj", "{3C219EB1-A2BA-4C64-AFD4-1DB9DB2204B0}"
EndProject
Global
	GlobalSection(SolutionConfigurationPlatforms) = preSolution
		Debug|Any CPU = Debug|Any CPU
		Debug|x64 = Debug|x64
		Debug|x86 = Debug|x86
		Release|Any CPU = Release|Any CPU
		Release|x64 = Release|x64
		Release|x86 = Release|x86
	EndGlobalSection
	GlobalSection(SolutionProperties) = preSolution
		HideSolutionNode = FALSE
	EndGlobalSection
	GlobalSection(ProjectConfigurationPlatforms) = postSolution
		{8202483D-5990-47B2-96A6-B381D58DB34F}.Debug|Any CPU.ActiveCfg = Debug|Any CPU
		{8202483D-5990-47B2-96A6-B381D58DB34F}.Debug|Any CPU.Build.0 = Debug|Any CPU
		{8202483D-5990-47B2-96A6-B381D58DB34F}.Debug|x64.ActiveCfg = Debug|Any CPU
		{8202483D-5990-47B2-96A6-B381D58DB34F}.Debug|x64.Build.0 = Debug|Any CPU
		{8202483D-5990-47B2-96A6-B381D58DB34F}.Debug|x86.ActiveCfg = Debug|Any CPU
		{8202483D-5990-47B2-96A6-B381D58DB34F}.Debug|x86.Build.0 = Debug|Any CPU
		{8202483D-5990-47B2-96A6-B381D58DB34F}.Release|Any CPU.ActiveCfg = Release|Any CPU
		{8202483D-5990-47B2-96A6-B381D58DB34F}.Release|Any CPU.Build.0 = Release|Any CPU
		{8202483D-5990-47B2-96A6-B381D58DB34F}.Release|x64.ActiveCfg = Release|Any CPU
		{8202483D-5990-47B2-96A6-B381D58DB34F}.Release|x64.Build.0 = Release|Any CPU
		{8202483D-5990-47B2-96A6-B381D58DB34F}.Release|x86.ActiveCfg = Release|Any CPU
		{8202483D-5990-47B2-96A6-B381D58DB34F}.Release|x86.Build.0 = Release|Any CPU
		{F0855758-5051-4ECC-A5A0-CA1AACFF65A4}.Debug|Any CPU.ActiveCfg = Debug|Any CPU
		{F0855758-5051-4ECC-A5A0-CA1AACFF65A4}.Debug|Any CPU.Build.0 = Debug|Any CPU
		{F0855758-5051-4ECC-A5A0-CA1AACFF65A4}.Debug|x64.ActiveCfg = Debug|Any CPU
		{F0855758-5051-4ECC-A5A0-CA1AACFF65A4}.Debug|x64.Build.0 = Debug|Any CPU
		{F0855758-5051-4ECC-A5A0-CA1AACFF65A4}.Debug|x86.ActiveCfg = Debug|Any CPU
		{F0855758-5051-4ECC-A5A0-CA1AACFF65A4}.Debug|x86.Build.0 = Debug|Any CPU
		{F0855758-5051-4ECC-A5A0-CA1AACFF65A4}.Release|Any CPU.ActiveCfg = Release|Any CPU
		{F0855758-5051-4ECC-A5A0-CA1AACFF65A4}.Release|Any CPU.Build.0 = Release|Any CPU
		{F0855758-5051-4ECC-A5A0-CA1AACFF65A4}.Release|x64.ActiveCfg = Release|Any CPU
		{F0855758-5051-4ECC-A5A0-CA1AACFF65A4}.Release|x64.Build.0 = Release|Any CPU
		{F0855758-5051-4ECC-A5A0-CA1AACFF65A4}.Release|x86.ActiveCfg = Release|Any CPU
		{F0855758-5051-4ECC-A5A0-CA1AACFF65A4}.Release|x86.Build.0 = Release|Any CPU
		{010B6AEA-30C2-4F7C-AEDA-35AE9A24CEE2}.Debug|Any CPU.ActiveCfg = Debug|Any CPU
		{010B6AEA-30C2-4F7C-AEDA-35AE9A24CEE2}.Debug|Any CPU.Build.0 = Debug|Any CPU
		{010B6AEA-30C2-4F7C-AEDA-35AE9A24CEE2}.Debug|x64.ActiveCfg = Debug|Any CPU
		{010B6AEA-30C2-4F7C-AEDA-35AE9A24CEE2}.Debug|x64.Build.0 = Debug|Any CPU
		{010B6AEA-30C2-4F7C-AEDA-35AE9A24CEE2}.Debug|x86.ActiveCfg = Debug|Any CPU
		{010B6AEA-30C2-4F7C-AEDA-35AE9A24CEE2}.Debug|x86.Build.0 = Debug|Any CPU
		{010B6AEA-30C2-4F7C-AEDA-35AE9A24CEE2}.Release|Any CPU.ActiveCfg = Release|Any CPU
		{010B6AEA-30C2-4F7C-AEDA-35AE9A24CEE2}.Release|Any CPU.Build.0 = Release|Any CPU
		{010B6AEA-30C2-4F7C-AEDA-35AE9A24CEE2}.Release|x64.ActiveCfg = Release|Any CPU
		{010B6AEA-30C2-4F7C-AEDA-35AE9A24CEE2}.Release|x64.Build.0 = Release|Any CPU
		{010B6AEA-30C2-4F7C-AEDA-35AE9A24CEE2}.Release|x86.ActiveCfg = Release|Any CPU
		{010B6AEA-30C2-4F7C-AEDA-35AE9A24CEE2}.Release|x86.Build.0 = Release|Any CPU
		{75F53C8C-01EC-4962-8735-E3CFB183B5E6}.Debug|Any CPU.ActiveCfg = Debug|Any CPU
		{75F53C8C-01EC-4962-8735-E3CFB183B5E6}.Debug|Any CPU.Build.0 = Debug|Any CPU
		{75F53C8C-01EC-4962-8735-E3CFB183B5E6}.Debug|x64.ActiveCfg = Debug|Any CPU
		{75F53C8C-01EC-4962-8735-E3CFB183B5E6}.Debug|x64.Build.0 = Debug|Any CPU
		{75F53C8C-01EC-4962-8735-E3CFB183B5E6}.Debug|x86.ActiveCfg = Debug|Any CPU
		{75F53C8C-01EC-4962-8735-E3CFB183B5E6}.Debug|x86.Build.0 = Debug|Any CPU
		{75F53C8C-01EC-4962-8735-E3CFB183B5E6}.Release|Any CPU.ActiveCfg = Release|Any CPU
		{75F53C8C-01EC-4962-8735-E3CFB183B5E6}.Release|Any CPU.Build.0 = Release|Any CPU
		{75F53C8C-01EC-4962-8735-E3CFB183B5E6}.Release|x64.ActiveCfg = Release|Any CPU
		{75F53C8C-01EC-4962-8735-E3CFB183B5E6}.Release|x64.Build.0 = Release|Any CPU
		{75F53C8C-01EC-4962-8735-E3CFB183B5E6}.Release|x86.ActiveCfg = Release|Any CPU
		{75F53C8C-01EC-4962-8735-E3CFB183B5E6}.Release|x86.Build.0 = Release|Any CPU
		{3C219EB1-A2BA-4C64-AFD4-1DB9DB2204B0}.Debug|Any CPU.ActiveCfg = Debug|Any CPU
		{3C219EB1-A2BA-4C64-AFD4-1DB9DB2204B0}.Debug|Any CPU.Build.0 = Debug|Any CPU
		{3C219EB1-A2BA-4C64-AFD4-1DB9DB2204B0}.Debug|x64.ActiveCfg = Debug|Any CPU
		{3C219EB1-A2BA-4C64-AFD4-1DB9DB2204B0}.Debug|x64.Build.0 = Debug|Any CPU
		{3C219EB1-A2BA-4C64-AFD4-1DB9DB2204B0}.Debug|x86.ActiveCfg = Debug|Any CPU
		{3C219EB1-A2BA-4C64-AFD4-1DB9DB2204B0}.Debug|x86.Build.0 = Debug|Any CPU
		{3C219EB1-A2BA-4C64-AFD4-1DB9DB2204B0}.Release|Any CPU.ActiveCfg = Release|Any CPU
		{3C219EB1-A2BA-4C64-AFD4-1DB9DB2204B0}.Release|Any CPU.Build.0 = Release|Any CPU
		{3C219EB1-A2BA-4C64-AFD4-1DB9DB2204B0}.Release|x64.ActiveCfg = Release|Any CPU
		{3C219EB1-A2BA-4C64-AFD4-1DB9DB2204B0}.Release|x64.Build.0 = Release|Any CPU
		{3C219EB1-A2BA-4C64-AFD4-1DB9DB2204B0}.Release|x86.ActiveCfg = Release|Any CPU
		{3C219EB1-A2BA-4C64-AFD4-1DB9DB2204B0}.Release|x86.Build.0 = Release|Any CPU
	EndGlobalSection
	GlobalSection(NestedProjects) = preSolution
		{65F9E8E4-6F97-41C9-AD38-969DE2A58F96} = {B25DCC21-D51A-4D55-B574-B8758DB89B91}
		{8202483D-5990-47B2-96A6-B381D58DB34F} = {65F9E8E4-6F97-41C9-AD38-969DE2A58F96}
		{F0855758-5051-4ECC-A5A0-CA1AACFF65A4} = {65F9E8E4-6F97-41C9-AD38-969DE2A58F96}
		{F6CED068-D6E5-40F8-B43B-497AE831908D} = {B25DCC21-D51A-4D55-B574-B8758DB89B91}
		{010B6AEA-30C2-4F7C-AEDA-35AE9A24CEE2} = {F6CED068-D6E5-40F8-B43B-497AE831908D}
		{B3514A39-039F-4988-8ABA-25F72CFB78AA} = {B25DCC21-D51A-4D55-B574-B8758DB89B91}
		{75F53C8C-01EC-4962-8735-E3CFB183B5E6} = {B3514A39-039F-4988-8ABA-25F72CFB78AA}
		{3C219EB1-A2BA-4C64-AFD4-1DB9DB2204B0} = {F6CED068-D6E5-40F8-B43B-497AE831908D}
	EndGlobalSection
EndGlobal
